
Microsoft Visual Studio Solution File, Format Version 12.00
# Visual Studio Version 17
VisualStudioVersion = 17.0.31903.59
MinimumVisualStudioVersion = 10.0.40219.1
Project("{F2A71F9B-5D33-465A-A702-920D77279786}") = "Combinatrix", "Combinatrix\Combinatrix.fsproj", "{E5FEF38B-004A-4130-9495-2388F7E567E9}"
EndProject
Project("{F2A71F9B-5D33-465A-A702-920D77279786}") = "Combinatrix.Tests", "Combinatrix.Tests\Combinatrix.Tests.fsproj", "{DD1A4EFF-C53E-434D-849E-36CDE93020FC}"
EndProject
Project("{F2A71F9B-5D33-465A-A702-920D77279786}") = "Fikon", "Fikon\Fikon.fsproj", "{E1A28DF3-31A6-4A4C-93A1-C9BE22FDB7BF}"
EndProject
Project("{F2A71F9B-5D33-465A-A702-920D77279786}") = "Fikon.Tests", "Fikon.Tests\Fikon.Tests.fsproj", "{14245286-ABE2-4FAA-BE88-53D3C88504C6}"
EndProject
Global
	GlobalSection(SolutionConfigurationPlatforms) = preSolution
		Debug|Any CPU = Debug|Any CPU
		Release|Any CPU = Release|Any CPU
	EndGlobalSection
	GlobalSection(SolutionProperties) = preSolution
		HideSolutionNode = FALSE
	EndGlobalSection
	GlobalSection(ProjectConfigurationPlatforms) = postSolution
		{E5FEF38B-004A-4130-9495-2388F7E567E9}.Debug|Any CPU.ActiveCfg = Debug|Any CPU
		{E5FEF38B-004A-4130-9495-2388F7E567E9}.Debug|Any CPU.Build.0 = Debug|Any CPU
		{E5FEF38B-004A-4130-9495-2388F7E567E9}.Release|Any CPU.ActiveCfg = Release|Any CPU
		{E5FEF38B-004A-4130-9495-2388F7E567E9}.Release|Any CPU.Build.0 = Release|Any CPU
		{DD1A4EFF-C53E-434D-849E-36CDE93020FC}.Debug|Any CPU.ActiveCfg = Debug|Any CPU
		{DD1A4EFF-C53E-434D-849E-36CDE93020FC}.Debug|Any CPU.Build.0 = Debug|Any CPU
		{DD1A4EFF-C53E-434D-849E-36CDE93020FC}.Release|Any CPU.ActiveCfg = Release|Any CPU
		{DD1A4EFF-C53E-434D-849E-36CDE93020FC}.Release|Any CPU.Build.0 = Release|Any CPU
		{E1A28DF3-31A6-4A4C-93A1-C9BE22FDB7BF}.Debug|Any CPU.ActiveCfg = Debug|Any CPU
		{E1A28DF3-31A6-4A4C-93A1-C9BE22FDB7BF}.Debug|Any CPU.Build.0 = Debug|Any CPU
		{E1A28DF3-31A6-4A4C-93A1-C9BE22FDB7BF}.Release|Any CPU.ActiveCfg = Release|Any CPU
		{E1A28DF3-31A6-4A4C-93A1-C9BE22FDB7BF}.Release|Any CPU.Build.0 = Release|Any CPU
		{14245286-ABE2-4FAA-BE88-53D3C88504C6}.Debug|Any CPU.ActiveCfg = Debug|Any CPU
		{14245286-ABE2-4FAA-BE88-53D3C88504C6}.Debug|Any CPU.Build.0 = Debug|Any CPU
		{14245286-ABE2-4FAA-BE88-53D3C88504C6}.Release|Any CPU.ActiveCfg = Release|Any CPU
		{14245286-ABE2-4FAA-BE88-53D3C88504C6}.Release|Any CPU.Build.0 = Release|Any CPU
	EndGlobalSection
EndGlobal
